<?xml version="1.0" encoding="utf-8"?>
<Project ToolsVersion="4.0" xmlns="http://schemas.microsoft.com/developer/msbuild/2003">
  <ItemGroup>
    <Filter Include="Render3D">
      <UniqueIdentifier>{DCC7658F-C894-C09A-F1AD-AE42DDD9F528}</UniqueIdentifier>
    </Filter>
  </ItemGroup>
  <ItemGroup>
    <ClInclude Include="src\Render3D.h" />
    <ClInclude Include="src\Render3D\Application.h">
      <Filter>Render3D</Filter>
    </ClInclude>
    <ClInclude Include="src\Render3D\Core.h">
      <Filter>Render3D</Filter>
    </ClInclude>
    <ClInclude Include="src\Render3D\EntryPoint.h">
      <Filter>Render3D</Filter>
    </ClInclude>
    <ClInclude Include="src\Render3D\Log.h">
      <Filter>Render3D</Filter>
    </ClInclude>
  </ItemGroup>
  <ItemGroup>
    <ClCompile Include="src\Render3D\Application.cpp">
      <Filter>Render3D</Filter>
    </ClCompile>
    <ClCompile Include="src\Render3D\Log.cpp">
      <Filter>Render3D</Filter>
    </ClCompile>
  </ItemGroup>
</Project>